version = 1

[[root]]
name = "pseudoscript"
source = "git@github.com:flying-dice/pseudoscript"
rev = "56aff7eac74e5a9a7f7c8113053bcb7a8e443364"
path = "model"

[[package]]
name = "pseudoscript"
source = "git@github.com:flying-dice/pseudoscript"
rev = "56aff7eac74e5a9a7f7c8113053bcb7a8e443364"
path = "model"
